
Microsoft Visual Studio Solution File, Format Version 11.00
# Visual Studio 2010
Project("{FAE04EC0-301F-11D3-BF4B-00C04F79EFBC}") = "BModP", "BModP.csproj", "{AA9A6CA2-12BB-47BF-928F-639EDD55970E}"
EndProject
Global
	GlobalSection(SolutionConfigurationPlatforms) = preSolution
		Debug|Any CPU = Debug|Any CPU
		Release|Any CPU = Release|Any CPU
	EndGlobalSection
	GlobalSection(ProjectConfigurationPlatforms) = postSolution
		{AA9A6CA2-12BB-47BF-928F-639EDD55970E}.Debug|Any CPU.ActiveCfg = Debug|Any CPU
		{AA9A6CA2-12BB-47BF-928F-639EDD55970E}.Debug|Any CPU.Build.0 = Debug|Any CPU
		{AA9A6CA2-12BB-47BF-928F-639EDD55970E}.Release|Any CPU.ActiveCfg = Release|Any CPU
		{AA9A6CA2-12BB-47BF-928F-639EDD55970E}.Release|Any CPU.Build.0 = Release|Any CPU
	EndGlobalSection
	GlobalSection(SolutionProperties) = preSolution
		HideSolutionNode = FALSE
	EndGlobalSection
EndGlobal
